
Microsoft Visual Studio Solution File, Format Version 12.00
# Visual Studio Version 17
VisualStudioVersion = 17.0.31903.59
MinimumVisualStudioVersion = 10.0.40219.1
Project("{2150E333-8FDC-42A3-9474-1A3956D46DE8}") = "src", "src", "{827E0CD3-B72D-47B6-A68D-7590B98EB39B}"
EndProject
Project("{FAE04EC0-301F-11D3-BF4B-00C04F79EFBC}") = "Domain", "src\Domain\Domain.csproj", "{50A1B63A-3AD0-4672-B0C8-E45FA28B0D6F}"
EndProject
Project("{FAE04EC0-301F-11D3-BF4B-00C04F79EFBC}") = "Application", "src\Application\Application.csproj", "{2B4E8041-FCA9-4D3B-B4E5-1C60CE2C837A}"
EndProject
Project("{FAE04EC0-301F-11D3-BF4B-00C04F79EFBC}") = "Infrastructure", "src\Infrastructure\Infrastructure.csproj", "{E3D23206-1D15-429D-B560-02B104EBDDDA}"
EndProject
Project("{FAE04EC0-301F-11D3-BF4B-00C04F79EFBC}") = "Presentation", "src\Presentation\Presentation.csproj", "{4D900FB0-D9E8-49CD-8FC7-6393060F1A84}"
EndProject
Project("{2150E333-8FDC-42A3-9474-1A3956D46DE8}") = "tests", "tests", "{0AB3BF05-4346-4AA6-1389-037BE0695223}"
EndProject
Project("{FAE04EC0-301F-11D3-BF4B-00C04F79EFBC}") = "UnitTests", "tests\UnitTests\UnitTests.csproj", "{9CE4D06A-223D-456C-AF4E-7DD8C83D5A46}"
EndProject
Project("{FAE04EC0-301F-11D3-BF4B-00C04F79EFBC}") = "IntegrationTests", "tests\IntegrationTests\IntegrationTests.csproj", "{D579F753-9C32-49C5-A83E-CDAF851FE73B}"
EndProject
Global
	GlobalSection(SolutionConfigurationPlatforms) = preSolution
		Debug|Any CPU = Debug|Any CPU
		Debug|x64 = Debug|x64
		Debug|x86 = Debug|x86
		Release|Any CPU = Release|Any CPU
		Release|x64 = Release|x64
		Release|x86 = Release|x86
	EndGlobalSection
	GlobalSection(ProjectConfigurationPlatforms) = postSolution
		{50A1B63A-3AD0-4672-B0C8-E45FA28B0D6F}.Debug|Any CPU.ActiveCfg = Debug|Any CPU
		{50A1B63A-3AD0-4672-B0C8-E45FA28B0D6F}.Debug|Any CPU.Build.0 = Debug|Any CPU
		{50A1B63A-3AD0-4672-B0C8-E45FA28B0D6F}.Debug|x64.ActiveCfg = Debug|Any CPU
		{50A1B63A-3AD0-4672-B0C8-E45FA28B0D6F}.Debug|x64.Build.0 = Debug|Any CPU
		{50A1B63A-3AD0-4672-B0C8-E45FA28B0D6F}.Debug|x86.ActiveCfg = Debug|Any CPU
		{50A1B63A-3AD0-4672-B0C8-E45FA28B0D6F}.Debug|x86.Build.0 = Debug|Any CPU
		{50A1B63A-3AD0-4672-B0C8-E45FA28B0D6F}.Release|Any CPU.ActiveCfg = Release|Any CPU
		{50A1B63A-3AD0-4672-B0C8-E45FA28B0D6F}.Release|Any CPU.Build.0 = Release|Any CPU
		{50A1B63A-3AD0-4672-B0C8-E45FA28B0D6F}.Release|x64.ActiveCfg = Release|Any CPU
		{50A1B63A-3AD0-4672-B0C8-E45FA28B0D6F}.Release|x64.Build.0 = Release|Any CPU
		{50A1B63A-3AD0-4672-B0C8-E45FA28B0D6F}.Release|x86.ActiveCfg = Release|Any CPU
		{50A1B63A-3AD0-4672-B0C8-E45FA28B0D6F}.Release|x86.Build.0 = Release|Any CPU
		{2B4E8041-FCA9-4D3B-B4E5-1C60CE2C837A}.Debug|Any CPU.ActiveCfg = Debug|Any CPU
		{2B4E8041-FCA9-4D3B-B4E5-1C60CE2C837A}.Debug|Any CPU.Build.0 = Debug|Any CPU
		{2B4E8041-FCA9-4D3B-B4E5-1C60CE2C837A}.Debug|x64.ActiveCfg = Debug|Any CPU
		{2B4E8041-FCA9-4D3B-B4E5-1C60CE2C837A}.Debug|x64.Build.0 = Debug|Any CPU
		{2B4E8041-FCA9-4D3B-B4E5-1C60CE2C837A}.Debug|x86.ActiveCfg = Debug|Any CPU
		{2B4E8041-FCA9-4D3B-B4E5-1C60CE2C837A}.Debug|x86.Build.0 = Debug|Any CPU
		{2B4E8041-FCA9-4D3B-B4E5-1C60CE2C837A}.Release|Any CPU.ActiveCfg = Release|Any CPU
		{2B4E8041-FCA9-4D3B-B4E5-1C60CE2C837A}.Release|Any CPU.Build.0 = Release|Any CPU
		{2B4E8041-FCA9-4D3B-B4E5-1C60CE2C837A}.Release|x64.ActiveCfg = Release|Any CPU
		{2B4E8041-FCA9-4D3B-B4E5-1C60CE2C837A}.Release|x64.Build.0 = Release|Any CPU
		{2B4E8041-FCA9-4D3B-B4E5-1C60CE2C837A}.Release|x86.ActiveCfg = Release|Any CPU
		{2B4E8041-FCA9-4D3B-B4E5-1C60CE2C837A}.Release|x86.Build.0 = Release|Any CPU
		{E3D23206-1D15-429D-B560-02B104EBDDDA}.Debug|Any CPU.ActiveCfg = Debug|Any CPU
		{E3D23206-1D15-429D-B560-02B104EBDDDA}.Debug|Any CPU.Build.0 = Debug|Any CPU
		{E3D23206-1D15-429D-B560-02B104EBDDDA}.Debug|x64.ActiveCfg = Debug|Any CPU
		{E3D23206-1D15-429D-B560-02B104EBDDDA}.Debug|x64.Build.0 = Debug|Any CPU
		{E3D23206-1D15-429D-B560-02B104EBDDDA}.Debug|x86.ActiveCfg = Debug|Any CPU
		{E3D23206-1D15-429D-B560-02B104EBDDDA}.Debug|x86.Build.0 = Debug|Any CPU
		{E3D23206-1D15-429D-B560-02B104EBDDDA}.Release|Any CPU.ActiveCfg = Release|Any CPU
		{E3D23206-1D15-429D-B560-02B104EBDDDA}.Release|Any CPU.Build.0 = Release|Any CPU
		{E3D23206-1D15-429D-B560-02B104EBDDDA}.Release|x64.ActiveCfg = Release|Any CPU
		{E3D23206-1D15-429D-B560-02B104EBDDDA}.Release|x64.Build.0 = Release|Any CPU
		{E3D23206-1D15-429D-B560-02B104EBDDDA}.Release|x86.ActiveCfg = Release|Any CPU
		{E3D23206-1D15-429D-B560-02B104EBDDDA}.Release|x86.Build.0 = Release|Any CPU
		{4D900FB0-D9E8-49CD-8FC7-6393060F1A84}.Debug|Any CPU.ActiveCfg = Debug|Any CPU
		{4D900FB0-D9E8-49CD-8FC7-6393060F1A84}.Debug|Any CPU.Build.0 = Debug|Any CPU
		{4D900FB0-D9E8-49CD-8FC7-6393060F1A84}.Debug|x64.ActiveCfg = Debug|Any CPU
		{4D900FB0-D9E8-49CD-8FC7-6393060F1A84}.Debug|x64.Build.0 = Debug|Any CPU
		{4D900FB0-D9E8-49CD-8FC7-6393060F1A84}.Debug|x86.ActiveCfg = Debug|Any CPU
		{4D900FB0-D9E8-49CD-8FC7-6393060F1A84}.Debug|x86.Build.0 = Debug|Any CPU
		{4D900FB0-D9E8-49CD-8FC7-6393060F1A84}.Release|Any CPU.ActiveCfg = Release|Any CPU
		{4D900FB0-D9E8-49CD-8FC7-6393060F1A84}.Release|Any CPU.Build.0 = Release|Any CPU
		{4D900FB0-D9E8-49CD-8FC7-6393060F1A84}.Release|x64.ActiveCfg = Release|Any CPU
		{4D900FB0-D9E8-49CD-8FC7-6393060F1A84}.Release|x64.Build.0 = Release|Any CPU
		{4D900FB0-D9E8-49CD-8FC7-6393060F1A84}.Release|x86.ActiveCfg = Release|Any CPU
		{4D900FB0-D9E8-49CD-8FC7-6393060F1A84}.Release|x86.Build.0 = Release|Any CPU
		{9CE4D06A-223D-456C-AF4E-7DD8C83D5A46}.Debug|Any CPU.ActiveCfg = Debug|Any CPU
		{9CE4D06A-223D-456C-AF4E-7DD8C83D5A46}.Debug|Any CPU.Build.0 = Debug|Any CPU
		{9CE4D06A-223D-456C-AF4E-7DD8C83D5A46}.Debug|x64.ActiveCfg = Debug|Any CPU
		{9CE4D06A-223D-456C-AF4E-7DD8C83D5A46}.Debug|x64.Build.0 = Debug|Any CPU
		{9CE4D06A-223D-456C-AF4E-7DD8C83D5A46}.Debug|x86.ActiveCfg = Debug|Any CPU
		{9CE4D06A-223D-456C-AF4E-7DD8C83D5A46}.Debug|x86.Build.0 = Debug|Any CPU
		{9CE4D06A-223D-456C-AF4E-7DD8C83D5A46}.Release|Any CPU.ActiveCfg = Release|Any CPU
		{9CE4D06A-223D-456C-AF4E-7DD8C83D5A46}.Release|Any CPU.Build.0 = Release|Any CPU
		{9CE4D06A-223D-456C-AF4E-7DD8C83D5A46}.Release|x64.ActiveCfg = Release|Any CPU
		{9CE4D06A-223D-456C-AF4E-7DD8C83D5A46}.Release|x64.Build.0 = Release|Any CPU
		{9CE4D06A-223D-456C-AF4E-7DD8C83D5A46}.Release|x86.ActiveCfg = Release|Any CPU
		{9CE4D06A-223D-456C-AF4E-7DD8C83D5A46}.Release|x86.Build.0 = Release|Any CPU
		{D579F753-9C32-49C5-A83E-CDAF851FE73B}.Debug|Any CPU.ActiveCfg = Debug|Any CPU
		{D579F753-9C32-49C5-A83E-CDAF851FE73B}.Debug|Any CPU.Build.0 = Debug|Any CPU
		{D579F753-9C32-49C5-A83E-CDAF851FE73B}.Debug|x64.ActiveCfg = Debug|Any CPU
		{D579F753-9C32-49C5-A83E-CDAF851FE73B}.Debug|x64.Build.0 = Debug|Any CPU
		{D579F753-9C32-49C5-A83E-CDAF851FE73B}.Debug|x86.ActiveCfg = Debug|Any CPU
		{D579F753-9C32-49C5-A83E-CDAF851FE73B}.Debug|x86.Build.0 = Debug|Any CPU
		{D579F753-9C32-49C5-A83E-CDAF851FE73B}.Release|Any CPU.ActiveCfg = Release|Any CPU
		{D579F753-9C32-49C5-A83E-CDAF851FE73B}.Release|Any CPU.Build.0 = Release|Any CPU
		{D579F753-9C32-49C5-A83E-CDAF851FE73B}.Release|x64.ActiveCfg = Release|Any CPU
		{D579F753-9C32-49C5-A83E-CDAF851FE73B}.Release|x64.Build.0 = Release|Any CPU
		{D579F753-9C32-49C5-A83E-CDAF851FE73B}.Release|x86.ActiveCfg = Release|Any CPU
		{D579F753-9C32-49C5-A83E-CDAF851FE73B}.Release|x86.Build.0 = Release|Any CPU
	EndGlobalSection
	GlobalSection(SolutionProperties) = preSolution
		HideSolutionNode = FALSE
	EndGlobalSection
	GlobalSection(NestedProjects) = preSolution
		{50A1B63A-3AD0-4672-B0C8-E45FA28B0D6F} = {827E0CD3-B72D-47B6-A68D-7590B98EB39B}
		{2B4E8041-FCA9-4D3B-B4E5-1C60CE2C837A} = {827E0CD3-B72D-47B6-A68D-7590B98EB39B}
		{E3D23206-1D15-429D-B560-02B104EBDDDA} = {827E0CD3-B72D-47B6-A68D-7590B98EB39B}
		{4D900FB0-D9E8-49CD-8FC7-6393060F1A84} = {827E0CD3-B72D-47B6-A68D-7590B98EB39B}
		{9CE4D06A-223D-456C-AF4E-7DD8C83D5A46} = {0AB3BF05-4346-4AA6-1389-037BE0695223}
		{D579F753-9C32-49C5-A83E-CDAF851FE73B} = {0AB3BF05-4346-4AA6-1389-037BE0695223}
	EndGlobalSection
EndGlobal
